{"format_version":"1.0","terraform_version":"1.1.9","planned_values":{"root_module":{"child_modules":[{"resources":[{"address":"module.test.aws_dynamodb_table.ddb","mode":"managed","type":"aws_dynamodb_table","name":"ddb","provider_name":"registry.terraform.io/hashicorp/aws","schema_version":1,"values":{"attribute":[{"name":"GameTitle","type":"S"},{"name":"UserId","type":"S"}],"billing_mode":"PROVISIONED","global_secondary_index":[],"hash_key":"UserId","local_secondary_index":[],"name":"test-ddb-tlorreyte","point_in_time_recovery":[{"enabled":true}],"range_key":"GameTitle","read_capacity":20,"replica":[],"restore_date_time":null,"restore_source_name":null,"restore_to_latest_time":null,"stream_enabled":null,"table_class":null,"tags":null,"timeouts":null,"write_capacity":20},"sensitive_values":{"attribute":[{},{}],"global_secondary_index":[],"local_secondary_index":[],"point_in_time_recovery":[{}],"replica":[],"server_side_encryption":[],"tags_all":{},"ttl":[]}},{"address":"module.test.aws_s3_bucket.log_static","mode":"managed","type":"aws_s3_bucket","name":"log_static","provider_name":"registry.terraform.io/hashicorp/aws","schema_version":0,"values":{"bucket":"test-tlorreyte-cloud-ouest-logs","bucket_prefix":null,"force_destroy":false,"tags":{"Name":"static-terratest-tlorreyte","Project":"terratest-article"},"tags_all":{"Name":"static-terratest-tlorreyte","Project":"terratest-article"}},"sensitive_values":{"cors_rule":[],"grant":[],"lifecycle_rule":[],"logging":[],"object_lock_configuration":[],"replication_configuration":[],"server_side_encryption_configuration":[],"tags":{},"tags_all":{},"versioning":[],"website":[]}},{"address":"module.test.aws_s3_bucket.static","mode":"managed","type":"aws_s3_bucket","name":"static","provider_name":"registry.terraform.io/hashicorp/aws","schema_version":0,"values":{"bucket":"test-tlorreyte-cloud-ouest","bucket_prefix":null,"force_destroy":false,"tags":{"Name":"static-terratest-tlorreyte","Project":"terratest-article"},"tags_all":{"Name":"static-terratest-tlorreyte","Project":"terratest-article"}},"sensitive_values":{"cors_rule":[],"grant":[],"lifecycle_rule":[],"logging":[],"object_lock_configuration":[],"replication_configuration":[],"server_side_encryption_configuration":[],"tags":{},"tags_all":{},"versioning":[],"website":[]}},{"address":"module.test.aws_s3_bucket_acl.log_static","mode":"managed","type":"aws_s3_bucket_acl","name":"log_static","provider_name":"registry.terraform.io/hashicorp/aws","schema_version":0,"values":{"acl":"private","expected_bucket_owner":null},"sensitive_values":{"access_control_policy":[]}},{"address":"module.test.aws_s3_bucket_acl.static","mode":"managed","type":"aws_s3_bucket_acl","name":"static","provider_name":"registry.terraform.io/hashicorp/aws","schema_version":0,"values":{"acl":"public-read","expected_bucket_owner":null},"sensitive_values":{"access_control_policy":[]}},{"address":"module.test.aws_s3_bucket_cors_configuration.static","mode":"managed","type":"aws_s3_bucket_cors_configuration","name":"static","provider_name":"registry.terraform.io/hashicorp/aws","schema_version":0,"values":{"bucket":"test-tlorreyte-cloud-ouest","cors_rule":[{"allowed_headers":[],"allowed_methods":["GET"],"allowed_origins":["*"],"expose_headers":[],"id":"","max_age_seconds":null}],"expected_bucket_owner":null},"sensitive_values":{"cors_rule":[{"allowed_headers":[],"allowed_methods":[false],"allowed_origins":[false],"expose_headers":[]}]}},{"address":"module.test.aws_s3_bucket_logging.static","mode":"managed","type":"aws_s3_bucket_logging","name":"static","provider_name":"registry.terraform.io/hashicorp/aws","schema_version":0,"values":{"expected_bucket_owner":null,"target_grant":[],"target_prefix":"log/"},"sensitive_values":{"target_grant":[]}},{"address":"module.test.aws_s3_bucket_policy.static","mode":"managed","type":"aws_s3_bucket_policy","name":"static","provider_name":"registry.terraform.io/hashicorp/aws","schema_version":0,"sensitive_values":{}},{"address":"module.test.aws_s3_bucket_versioning.static","mode":"managed","type":"aws_s3_bucket_versioning","name":"static","provider_name":"registry.terraform.io/hashicorp/aws","schema_version":0,"values":{"expected_bucket_owner":null,"mfa":null,"versioning_configuration":[{"status":"Enabled"}]},"sensitive_values":{"versioning_configuration":[{}]}},{"address":"module.test.aws_s3_bucket_website_configuration.static","mode":"managed","type":"aws_s3_bucket_website_configuration","name":"static","provider_name":"registry.terraform.io/hashicorp/aws","schema_version":0,"values":{"bucket":"test-tlorreyte-cloud-ouest","error_document":[{"key":"error.html"}],"expected_bucket_owner":null,"index_document":[{"suffix":"index.html"}],"redirect_all_requests_to":[],"routing_rule":[]},"sensitive_values":{"error_document":[{}],"index_document":[{}],"redirect_all_requests_to":[],"routing_rule":[]}},{"address":"module.test.aws_s3_object.error","mode":"managed","type":"aws_s3_object","name":"error","provider_name":"registry.terraform.io/hashicorp/aws","schema_version":0,"values":{"acl":"private","bucket":"test-tlorreyte-cloud-ouest","cache_control":null,"content":null,"content_base64":null,"content_disposition":null,"content_encoding":null,"content_language":null,"content_type":"text/html","force_destroy":false,"key":"error.html","metadata":null,"object_lock_legal_hold_status":null,"object_lock_mode":null,"object_lock_retain_until_date":null,"source":"../templates/error.html","source_hash":null,"tags":null,"website_redirect":null},"sensitive_values":{"tags_all":{}}},{"address":"module.test.aws_s3_object.index","mode":"managed","type":"aws_s3_object","name":"index","provider_name":"registry.terraform.io/hashicorp/aws","schema_version":0,"values":{"acl":"private","bucket":"test-tlorreyte-cloud-ouest","cache_control":null,"content":null,"content_base64":null,"content_disposition":null,"content_encoding":null,"content_language":null,"content_type":"text/html","force_destroy":false,"key":"index.html","metadata":null,"object_lock_legal_hold_status":null,"object_lock_mode":null,"object_lock_retain_until_date":null,"source":"../templates/index.html","source_hash":null,"tags":null,"website_redirect":null},"sensitive_values":{"tags_all":{}}}],"address":"module.test"}]}},"resource_changes":[{"address":"module.test.aws_dynamodb_table.ddb","module_address":"module.test","mode":"managed","type":"aws_dynamodb_table","name":"ddb","provider_name":"registry.terraform.io/hashicorp/aws","change":{"actions":["create"],"before":null,"after":{"attribute":[{"name":"GameTitle","type":"S"},{"name":"UserId","type":"S"}],"billing_mode":"PROVISIONED","global_secondary_index":[],"hash_key":"UserId","local_secondary_index":[],"name":"test-ddb-tlorreyte","point_in_time_recovery":[{"enabled":true}],"range_key":"GameTitle","read_capacity":20,"replica":[],"restore_date_time":null,"restore_source_name":null,"restore_to_latest_time":null,"stream_enabled":null,"table_class":null,"tags":null,"timeouts":null,"write_capacity":20},"after_unknown":{"arn":true,"attribute":[{},{}],"global_secondary_index":[],"id":true,"local_secondary_index":[],"point_in_time_recovery":[{}],"replica":[],"server_side_encryption":true,"stream_arn":true,"stream_label":true,"stream_view_type":true,"tags_all":true,"ttl":true},"before_sensitive":false,"after_sensitive":{"attribute":[{},{}],"global_secondary_index":[],"local_secondary_index":[],"point_in_time_recovery":[{}],"replica":[],"server_side_encryption":[],"tags_all":{},"ttl":[]}}},{"address":"module.test.aws_s3_bucket.log_static","module_address":"module.test","mode":"managed","type":"aws_s3_bucket","name":"log_static","provider_name":"registry.terraform.io/hashicorp/aws","change":{"actions":["create"],"before":null,"after":{"bucket":"test-tlorreyte-cloud-ouest-logs","bucket_prefix":null,"force_destroy":false,"tags":{"Name":"static-terratest-tlorreyte","Project":"terratest-article"},"tags_all":{"Name":"static-terratest-tlorreyte","Project":"terratest-article"}},"after_unknown":{"acceleration_status":true,"acl":true,"arn":true,"bucket_domain_name":true,"bucket_regional_domain_name":true,"cors_rule":true,"grant":true,"hosted_zone_id":true,"id":true,"lifecycle_rule":true,"logging":true,"object_lock_configuration":true,"policy":true,"region":true,"replication_configuration":true,"request_payer":true,"server_side_encryption_configuration":true,"tags":{},"tags_all":{},"versioning":true,"website":true,"website_domain":true,"website_endpoint":true},"before_sensitive":false,"after_sensitive":{"cors_rule":[],"grant":[],"lifecycle_rule":[],"logging":[],"object_lock_configuration":[],"replication_configuration":[],"server_side_encryption_configuration":[],"tags":{},"tags_all":{},"versioning":[],"website":[]}}},{"address":"module.test.aws_s3_bucket.static","module_address":"module.test","mode":"managed","type":"aws_s3_bucket","name":"static","provider_name":"registry.terraform.io/hashicorp/aws","change":{"actions":["create"],"before":null,"after":{"bucket":"test-tlorreyte-cloud-ouest","bucket_prefix":null,"force_destroy":false,"tags":{"Name":"static-terratest-tlorreyte","Project":"terratest-article"},"tags_all":{"Name":"static-terratest-tlorreyte","Project":"terratest-article"}},"after_unknown":{"acceleration_status":true,"acl":true,"arn":true,"bucket_domain_name":true,"bucket_regional_domain_name":true,"cors_rule":true,"grant":true,"hosted_zone_id":true,"id":true,"lifecycle_rule":true,"logging":true,"object_lock_configuration":true,"policy":true,"region":true,"replication_configuration":true,"request_payer":true,"server_side_encryption_configuration":true,"tags":{},"tags_all":{},"versioning":true,"website":true,"website_domain":true,"website_endpoint":true},"before_sensitive":false,"after_sensitive":{"cors_rule":[],"grant":[],"lifecycle_rule":[],"logging":[],"object_lock_configuration":[],"replication_configuration":[],"server_side_encryption_configuration":[],"tags":{},"tags_all":{},"versioning":[],"website":[]}}},{"address":"module.test.aws_s3_bucket_acl.log_static","module_address":"module.test","mode":"managed","type":"aws_s3_bucket_acl","name":"log_static","provider_name":"registry.terraform.io/hashicorp/aws","change":{"actions":["create"],"before":null,"after":{"acl":"private","expected_bucket_owner":null},"after_unknown":{"access_control_policy":true,"bucket":true,"id":true},"before_sensitive":false,"after_sensitive":{"access_control_policy":[]}}},{"address":"module.test.aws_s3_bucket_acl.static","module_address":"module.test","mode":"managed","type":"aws_s3_bucket_acl","name":"static","provider_name":"registry.terraform.io/hashicorp/aws","change":{"actions":["create"],"before":null,"after":{"acl":"public-read","expected_bucket_owner":null},"after_unknown":{"access_control_policy":true,"bucket":true,"id":true},"before_sensitive":false,"after_sensitive":{"access_control_policy":[]}}},{"address":"module.test.aws_s3_bucket_cors_configuration.static","module_address":"module.test","mode":"managed","type":"aws_s3_bucket_cors_configuration","name":"static","provider_name":"registry.terraform.io/hashicorp/aws","change":{"actions":["create"],"before":null,"after":{"bucket":"test-tlorreyte-cloud-ouest","cors_rule":[{"allowed_headers":[],"allowed_methods":["GET"],"allowed_origins":["*"],"expose_headers":[],"id":"","max_age_seconds":null}],"expected_bucket_owner":null},"after_unknown":{"cors_rule":[{"allowed_headers":[],"allowed_methods":[false],"allowed_origins":[false],"expose_headers":[]}],"id":true},"before_sensitive":false,"after_sensitive":{"cors_rule":[{"allowed_headers":[],"allowed_methods":[false],"allowed_origins":[false],"expose_headers":[]}]}}},{"address":"module.test.aws_s3_bucket_logging.static","module_address":"module.test","mode":"managed","type":"aws_s3_bucket_logging","name":"static","provider_name":"registry.terraform.io/hashicorp/aws","change":{"actions":["create"],"before":null,"after":{"expected_bucket_owner":null,"target_grant":[],"target_prefix":"log/"},"after_unknown":{"bucket":true,"id":true,"target_bucket":true,"target_grant":[]},"before_sensitive":false,"after_sensitive":{"target_grant":[]}}},{"address":"module.test.aws_s3_bucket_policy.static","module_address":"module.test","mode":"managed","type":"aws_s3_bucket_policy","name":"static","provider_name":"registry.terraform.io/hashicorp/aws","change":{"actions":["create"],"before":null,"after":{},"after_unknown":{"bucket":true,"id":true,"policy":true},"before_sensitive":false,"after_sensitive":{}}},{"address":"module.test.aws_s3_bucket_versioning.static","module_address":"module.test","mode":"managed","type":"aws_s3_bucket_versioning","name":"static","provider_name":"registry.terraform.io/hashicorp/aws","change":{"actions":["create"],"before":null,"after":{"expected_bucket_owner":null,"mfa":null,"versioning_configuration":[{"status":"Enabled"}]},"after_unknown":{"bucket":true,"id":true,"versioning_configuration":[{"mfa_delete":true}]},"before_sensitive":false,"after_sensitive":{"versioning_configuration":[{}]}}},{"address":"module.test.aws_s3_bucket_website_configuration.static","module_address":"module.test","mode":"managed","type":"aws_s3_bucket_website_configuration","name":"static","provider_name":"registry.terraform.io/hashicorp/aws","change":{"actions":["create"],"before":null,"after":{"bucket":"test-tlorreyte-cloud-ouest","error_document":[{"key":"error.html"}],"expected_bucket_owner":null,"index_document":[{"suffix":"index.html"}],"redirect_all_requests_to":[],"routing_rule":[]},"after_unknown":{"error_document":[{}],"id":true,"index_document":[{}],"redirect_all_requests_to":[],"routing_rule":[],"website_domain":true,"website_endpoint":true},"before_sensitive":false,"after_sensitive":{"error_document":[{}],"index_document":[{}],"redirect_all_requests_to":[],"routing_rule":[]}}},{"address":"module.test.aws_s3_object.error","module_address":"module.test","mode":"managed","type":"aws_s3_object","name":"error","provider_name":"registry.terraform.io/hashicorp/aws","change":{"actions":["create"],"before":null,"after":{"acl":"private","bucket":"test-tlorreyte-cloud-ouest","cache_control":null,"content":null,"content_base64":null,"content_disposition":null,"content_encoding":null,"content_language":null,"content_type":"text/html","force_destroy":false,"key":"error.html","metadata":null,"object_lock_legal_hold_status":null,"object_lock_mode":null,"object_lock_retain_until_date":null,"source":"../templates/error.html","source_hash":null,"tags":null,"website_redirect":null},"after_unknown":{"bucket_key_enabled":true,"etag":true,"id":true,"kms_key_id":true,"server_side_encryption":true,"storage_class":true,"tags_all":true,"version_id":true},"before_sensitive":false,"after_sensitive":{"tags_all":{}}}},{"address":"module.test.aws_s3_object.index","module_address":"module.test","mode":"managed","type":"aws_s3_object","name":"index","provider_name":"registry.terraform.io/hashicorp/aws","change":{"actions":["create"],"before":null,"after":{"acl":"private","bucket":"test-tlorreyte-cloud-ouest","cache_control":null,"content":null,"content_base64":null,"content_disposition":null,"content_encoding":null,"content_language":null,"content_type":"text/html","force_destroy":false,"key":"index.html","metadata":null,"object_lock_legal_hold_status":null,"object_lock_mode":null,"object_lock_retain_until_date":null,"source":"../templates/index.html","source_hash":null,"tags":null,"website_redirect":null},"after_unknown":{"bucket_key_enabled":true,"etag":true,"id":true,"kms_key_id":true,"server_side_encryption":true,"storage_class":true,"tags_all":true,"version_id":true},"before_sensitive":false,"after_sensitive":{"tags_all":{}}}}],"configuration":{"provider_config":{"aws":{"name":"aws","version_constraint":"~\u003e 4.0","expressions":{"region":{"constant_value":"eu-west-1"}}},"module.test:aws":{"name":"aws","version_constraint":"4.4.0","module_address":"module.test"}},"root_module":{"module_calls":{"test":{"source":"./..","expressions":{"bucket_name":{"constant_value":"test-tlorreyte-cloud-ouest"}},"module":{"outputs":{"bucket_arn":{"expression":{"references":["aws_s3_bucket.static.arn","aws_s3_bucket.static"]},"description":"Static bucket ARN"},"bucket_endpoint":{"expression":{"references":["aws_s3_bucket_website_configuration.static.website_endpoint","aws_s3_bucket_website_configuration.static"]},"description":"Static bucket Endpoint"},"ddb_name":{"expression":{"references":["aws_dynamodb_table.ddb.name","aws_dynamodb_table.ddb"]},"description":"Name of the Dynamo Table"}},"resources":[{"address":"aws_dynamodb_table.ddb","mode":"managed","type":"aws_dynamodb_table","name":"ddb","provider_config_key":"test:aws","expressions":{"attribute":[{"name":{"constant_value":"UserId"},"type":{"constant_value":"S"}},{"name":{"constant_value":"GameTitle"},"type":{"constant_value":"S"}}],"billing_mode":{"constant_value":"PROVISIONED"},"hash_key":{"constant_value":"UserId"},"name":{"constant_value":"test-ddb-tlorreyte"},"point_in_time_recovery":[{"enabled":{"constant_value":true}}],"range_key":{"constant_value":"GameTitle"},"read_capacity":{"constant_value":20},"write_capacity":{"constant_value":20}},"schema_version":1},{"address":"aws_s3_bucket.log_static","mode":"managed","type":"aws_s3_bucket","name":"log_static","provider_config_key":"test:aws","expressions":{"bucket":{"references":["var.bucket_name"]},"tags":{"references":["var.tags"]}},"schema_version":0},{"address":"aws_s3_bucket.static","mode":"managed","type":"aws_s3_bucket","name":"static","provider_config_key":"test:aws","expressions":{"bucket":{"references":["var.bucket_name"]},"tags":{"references":["var.tags"]}},"schema_version":0},{"address":"aws_s3_bucket_acl.log_static","mode":"managed","type":"aws_s3_bucket_acl","name":"log_static","provider_config_key":"test:aws","expressions":{"acl":{"constant_value":"private"},"bucket":{"references":["aws_s3_bucket.static.id","aws_s3_bucket.static"]}},"schema_version":0},{"address":"aws_s3_bucket_acl.static","mode":"managed","type":"aws_s3_bucket_acl","name":"static","provider_config_key":"test:aws","expressions":{"acl":{"constant_value":"public-read"},"bucket":{"references":["aws_s3_bucket.static.id","aws_s3_bucket.static"]}},"schema_version":0},{"address":"aws_s3_bucket_cors_configuration.static","mode":"managed","type":"aws_s3_bucket_cors_configuration","name":"static","provider_config_key":"test:aws","expressions":{"bucket":{"references":["aws_s3_bucket.static.bucket","aws_s3_bucket.static"]},"cors_rule":[{"allowed_methods":{"constant_value":["GET"]},"allowed_origins":{"constant_value":["*"]}}]},"schema_version":0},{"address":"aws_s3_bucket_logging.static","mode":"managed","type":"aws_s3_bucket_logging","name":"static","provider_config_key":"test:aws","expressions":{"bucket":{"references":["aws_s3_bucket.static.id","aws_s3_bucket.static"]},"target_bucket":{"references":["aws_s3_bucket.log_static.id","aws_s3_bucket.log_static"]},"target_prefix":{"constant_value":"log/"}},"schema_version":0},{"address":"aws_s3_bucket_policy.static","mode":"managed","type":"aws_s3_bucket_policy","name":"static","provider_config_key":"test:aws","expressions":{"bucket":{"references":["aws_s3_bucket.static.id","aws_s3_bucket.static"]},"policy":{"references":["path.module","aws_s3_bucket.static.arn","aws_s3_bucket.static"]}},"schema_version":0},{"address":"aws_s3_bucket_versioning.static","mode":"managed","type":"aws_s3_bucket_versioning","name":"static","provider_config_key":"test:aws","expressions":{"bucket":{"references":["aws_s3_bucket.static.id","aws_s3_bucket.static"]},"versioning_configuration":[{"status":{"constant_value":"Enabled"}}]},"schema_version":0},{"address":"aws_s3_bucket_website_configuration.static","mode":"managed","type":"aws_s3_bucket_website_configuration","name":"static","provider_config_key":"test:aws","expressions":{"bucket":{"references":["aws_s3_bucket.static.bucket","aws_s3_bucket.static"]},"error_document":[{"key":{"constant_value":"error.html"}}],"index_document":[{"suffix":{"constant_value":"index.html"}}]},"schema_version":0},{"address":"aws_s3_object.error","mode":"managed","type":"aws_s3_object","name":"error","provider_config_key":"test:aws","expressions":{"bucket":{"references":["aws_s3_bucket.static.bucket","aws_s3_bucket.static"]},"content_type":{"constant_value":"text/html"},"key":{"constant_value":"error.html"},"source":{"references":["path.module"]}},"schema_version":0},{"address":"aws_s3_object.index","mode":"managed","type":"aws_s3_object","name":"index","provider_config_key":"test:aws","expressions":{"bucket":{"references":["aws_s3_bucket.static.bucket","aws_s3_bucket.static"]},"content_type":{"constant_value":"text/html"},"key":{"constant_value":"index.html"},"source":{"references":["path.module"]}},"schema_version":0}],"variables":{"bucket_name":{"default":"static-terratest-tlorreyte","description":"Static bucket name"},"tags":{"default":{"Name":"static-terratest-tlorreyte","Project":"terratest-article"},"description":"Static bucket tags"}}}}}}}}
